github.com/awnumar/memcall v0.4.0 h1:B7hgZYdfH6Ot1Goaz8jGne/7i8xD4taZie/PNSFZ29g=
github.com/awnumar/memcall v0.4.0/go.mod h1:8xOx1YbfyuCg3Fy6TO8DK0kZUua3V42/goA5Ru47E8w=
github.com/awnumar/memguard v0.23.0 h1:sJ3a1/SWlcuKIQ7MV+R9p0Pvo9CWsMbGZvcZQtmc68A=
github.com/awnumar/memguard v0.23.0/go.mod h1:olVofBrsPdITtJ2HgxQKrEYEMyIBAIciVG4wNnZhW9M=
github.com/mattn/go-sqlite3 v1.14.48 h1:7XHIgl0a8HwOaiK4E47ozLkST78rR9+OtNGx27D/TFs=
github.com/mattn/go-sqlite3 v1.14.48/go.mod h1:6JTjA44L93a0QCyJef5YvlPoKXntQPjzWv5gtm9sB6w=
golang.org/x/crypto v0.52.0 h1:RMs7fP2rXdep0CftQlK8Uf+kibLm7qkCcradZWYz988=
golang.org/x/crypto v0.52.0/go.mod h1:1QgfPxDqh0T2M/elOJtp9RvuR95kVjir0e6/BvEmGbc=
golang.org/x/sys v0.45.0 h1:dO4czNzziLiiXplLQgBCEpCvXQ3dnkn0SdaZSYdQ+FY=
golang.org/x/sys v0.45.0/go.mod h1:4GL1E5IUh+htKOUEOaiffhrAeqysfVGipDYzABqnCmw=
golang.org/x/text v0.38.0 h1:sXmwo9DwP3OK9EZ7PqAdaooSGozfl/3a6/xJcbzPRhE=
golang.org/x/text v0.38.0/go.mod h1:YXZt3QhHUKYT53r2lLKFIVi6Ao1jdzrTR/KQ09qyxF4=
